
Microsoft Visual Studio Solution File, Format Version 12.00
# Visual Studio Version 16
VisualStudioVersion = 25.0.1706.2
MinimumVisualStudioVersion = 10.0.40219.1
Project("{FAE04EC0-301F-11D3-BF4B-00C04F79EFBC}") = "SEDC.HomeworkClass03WebApi", "SEDC.HomeworkClass03WebApi\SEDC.HomeworkClass03WebApi.csproj", "{96026646-65D5-40A1-BC5B-B47F381EFCA7}"
EndProject
Global
	GlobalSection(SolutionConfigurationPlatforms) = preSolution
		Debug|Any CPU = Debug|Any CPU
		Release|Any CPU = Release|Any CPU
	EndGlobalSection
	GlobalSection(ProjectConfigurationPlatforms) = postSolution
		{96026646-65D5-40A1-BC5B-B47F381EFCA7}.Debug|Any CPU.ActiveCfg = Debug|Any CPU
		{96026646-65D5-40A1-BC5B-B47F381EFCA7}.Debug|Any CPU.Build.0 = Debug|Any CPU
		{96026646-65D5-40A1-BC5B-B47F381EFCA7}.Release|Any CPU.ActiveCfg = Release|Any CPU
		{96026646-65D5-40A1-BC5B-B47F381EFCA7}.Release|Any CPU.Build.0 = Release|Any CPU
	EndGlobalSection
	GlobalSection(SolutionProperties) = preSolution
		HideSolutionNode = FALSE
	EndGlobalSection
	GlobalSection(ExtensibilityGlobals) = postSolution
		SolutionGuid = {D6BF62C1-F8DD-443A-ABF6-350579563637}
	EndGlobalSection
EndGlobal
